// !$*UTF8*$!
{
	archiveVersion = 1;
	classes = {
	};
	objectVersion = 46;
	objects = {

/* Begin PBXBuildFile section */
		5B7B80A21B32993C00E2627A /* main.m in Sources */ = {isa = PBXBuildFile; fileRef = 5B7B80A11B32993C00E2627A /* main.m */; };
		5B7B80A51B32993C00E2627A /* AppDelegate.m in Sources */ = {isa = PBXBuildFile; fileRef = 5B7B80A41B32993C00E2627A /* AppDelegate.m */; };
		5B7B80A81B32993C00E2627A /* ViewController.m in Sources */ = {isa = PBXBuildFile; fileRef = 5B7B80A71B32993C00E2627A /* ViewController.m */; };
		5B7B80AB1B32993C00E2627A /* Main.storyboard in Resources */ = {isa = PBXBuildFile; fileRef = 5B7B80A91B32993C00E2627A /* Main.storyboard */; };
		5B7B80AD1B32993C00E2627A /* Images.xcassets in Resources */ = {isa = PBXBuildFile; fileRef = 5B7B80AC1B32993C00E2627A /* Images.xcassets */; };
		5B7B80B01B32993C00E2627A /* LaunchScreen.xib in Resources */ = {isa = PBXBuildFile; fileRef = 5B7B80AE1B32993C00E2627A /* LaunchScreen.xib */; };
		5B7B80BC1B32993D00E2627A /* YvanDatePickerTests.m in Sources */ = {isa = PBXBuildFile; fileRef = 5B7B80BB1B32993D00E2627A /* YvanDatePickerTests.m */; };
/* End PBXBuildFile section */

/* Begin PBXContainerItemProxy section */
		5B7B80B61B32993D00E2627A /* PBXContainerItemProxy */ = {
			isa = PBXContainerItemProxy;
			containerPortal = 5B7B80941B32993C00E2627A /* Project object */;
			proxyType = 1;
			remoteGlobalIDString = 5B7B809B1B32993C00E2627A;
			remoteInfo = YvanDatePicker;
		};
/* End PBXContainerItemProxy section */

/* Begin PBXFileReference section */
		5B7B809C1B32993C00E2627A /* YvanDatePicker.app */ = {isa = PBXFileReference; explicitFileType = wrapper.application; includeInIndex = 0; path = YvanDatePicker.app; sourceTree = BUILT_PRODUCTS_DIR; };
		5B7B80A01B32993C00E2627A /* Info.plist */ = {isa = PBXFileReference; lastKnownFileType = text.plist.xml; path = Info.plist; sourceTree = "<group>"; };
		5B7B80A11B32993C00E2627A /* main.m */ = {isa = PBXFileReference; lastKnownFileType = sourcecode.c.objc; path = main.m; sourceTree = "<group>"; };
		5B7B80A31B32993C00E2627A /* AppDelegate.h */ = {isa = PBXFileReference; lastKnownFileType = sourcecode.c.h; path = AppDelegate.h; sourceTree = "<group>"; };
		5B7B80A41B32993C00E2627A /* AppDelegate.m */ = {isa = PBXFileReference; lastKnownFileType = sourcecode.c.objc; path = AppDelegate.m; sourceTree = "<group>"; };
		5B7B80A61B32993C00E2627A /* ViewController.h */ = {isa = PBXFileReference; lastKnownFileType = sourcecode.c.h; path = ViewController.h; sourceTree = "<group>"; };
		5B7B80A71B32993C00E2627A /* ViewController.m */ = {isa = PBXFileReference; lastKnownFileType = sourcecode.c.objc; path = ViewController.m; sourceTree = "<group>"; };
		5B7B80AA1B32993C00E2627A /* Base */ = {isa = PBXFileReference; lastKnownFileType = file.storyboard; name = Base; path = Base.lproj/Main.storyboard; sourceTree = "<group>"; };
		5B7B80AC1B32993C00E2627A /* Images.xcassets */ = {isa = PBXFileReference; lastKnownFileType = folder.assetcatalog; path = Images.xcassets; sourceTree = "<group>"; };
		5B7B80AF1B32993C00E2627A /* Base */ = {isa = PBXFileReference; lastKnownFileType = file.xib; name = Base; path = Base.lproj/LaunchScreen.xib; sourceTree = "<group>"; };
		5B7B80B51B32993D00E2627A /* YvanDatePickerTests.xctest */ = {isa = PBXFileReference; explicitFileType = wrapper.cfbundle; includeInIndex = 0; path = YvanDatePickerTests.xctest; sourceTree = BUILT_PRODUCTS_DIR; };
		5B7B80BA1B32993D00E2627A /* Info.plist */ = {isa = PBXFileReference; lastKnownFileType = text.plist.xml; path = Info.plist; sourceTree = "<group>"; };
		5B7B80BB1B32993D00E2627A /* YvanDatePickerTests.m */ = {isa = PBXFileReference; lastKnownFileType = sourcecode.c.objc; path = YvanDatePickerTests.m; sourceTree = "<group>"; };
/* End PBXFileReference section */

/* Begin PBXFrameworksBuildPhase section */
		5B7B80991B32993C00E2627A /* Frameworks */ = {
			isa = PBXFrameworksBuildPhase;
			buildActionMask = 2147483647;
			files = (
			);
			runOnlyForDeploymentPostprocessing = 0;
		};
		5B7B80B21B32993D00E2627A /* Frameworks */ = {
			isa = PBXFrameworksBuildPhase;
			buildActionMask = 2147483647;
			files = (
			);
			runOnlyForDeploymentPostprocessing = 0;
		};
/* End PBXFrameworksBuildPhase section */

/* Begin PBXGroup section */
		5B7B80931B32993C00E2627A = {
			isa = PBXGroup;
			children = (
				5B7B809E1B32993C00E2627A /* YvanDatePicker */,
				5B7B80B81B32993D00E2627A /* YvanDatePickerTests */,
				5B7B809D1B32993C00E2627A /* Products */,
			);
			sourceTree = "<group>";
		};
		5B7B809D1B32993C00E2627A /* Products */ = {
			isa = PBXGroup;
			children = (
				5B7B809C1B32993C00E2627A /* YvanDatePicker.app */,
				5B7B80B51B32993D00E2627A /* YvanDatePickerTests.xctest */,
			);
			name = Products;
			sourceTree = "<group>";
		};
		5B7B809E1B32993C00E2627A /* YvanDatePicker */ = {
			isa = PBXGroup;
			children = (
				5B7B80A31B32993C00E2627A /* AppDelegate.h */,
				5B7B80A41B32993C00E2627A /* AppDelegate.m */,
				5B7B80A61B32993C00E2627A /* ViewController.h */,
				5B7B80A71B32993C00E2627A /* ViewController.m */,
				5B7B80A91B32993C00E2627A /* Main.storyboard */,
				5B7B80AC1B32993C00E2627A /* Images.xcassets */,
				5B7B80AE1B32993C00E2627A /* LaunchScreen.xib */,
				5B7B809F1B32993C00E2627A /* Supporting Files */,
			);
			path = YvanDatePicker;
			sourceTree = "<group>";
		};
		5B7B809F1B32993C00E2627A /* Supporting Files */ = {
			isa = PBXGroup;
			children = (
				5B7B80A01B32993C00E2627A /* Info.plist */,
				5B7B80A11B32993C00E2627A /* main.m */,
			);
			name = "Supporting Files";
			sourceTree = "<group>";
		};
		5B7B80B81B32993D00E2627A /* YvanDatePickerTests */ = {
			isa = PBXGroup;
			children = (
				5B7B80BB1B32993D00E2627A /* YvanDatePickerTests.m */,
				5B7B80B91B32993D00E2627A /* Supporting Files */,
			);
			path = YvanDatePickerTests;
			sourceTree = "<group>";
		};
		5B7B80B91B32993D00E2627A /* Supporting Files */ = {
			isa = PBXGroup;
			children = (
				5B7B80BA1B32993D00E2627A /* Info.plist */,
			);
			name = "Supporting Files";
			sourceTree = "<group>";
		};
/* End PBXGroup section */

/* Begin PBXNativeTarget section */
		5B7B809B1B32993C00E2627A /* YvanDatePicker */ = {
			isa = PBXNativeTarget;
			buildConfigurationList = 5B7B80BF1B32993D00E2627A /* Build configuration list for PBXNativeTarget "YvanDatePicker" */;
			buildPhases = (
				5B7B80981B32993C00E2627A /* Sources */,
				5B7B80991B32993C00E2627A /* Frameworks */,
				5B7B809A1B32993C00E2627A /* Resources */,
			);
			buildRules = (
			);
			dependencies = (
			);
			name = YvanDatePicker;
			productName = YvanDatePicker;
			productReference = 5B7B809C1B32993C00E2627A /* YvanDatePicker.app */;
			productType = "com.apple.product-type.application";
		};
		5B7B80B41B32993D00E2627A /* YvanDatePickerTests */ = {
			isa = PBXNativeTarget;
			buildConfigurationList = 5B7B80C21B32993D00E2627A /* Build configuration list for PBXNativeTarget "YvanDatePickerTests" */;
			buildPhases = (
				5B7B80B11B32993D00E2627A /* Sources */,
				5B7B80B21B32993D00E2627A /* Frameworks */,
				5B7B80B31B32993D00E2627A /* Resources */,
			);
			buildRules = (
			);
			dependencies = (
				5B7B80B71B32993D00E2627A /* PBXTargetDependency */,
			);
			name = YvanDatePickerTests;
			productName = YvanDatePickerTests;
			productReference = 5B7B80B51B32993D00E2627A /* YvanDatePickerTests.xctest */;
			productType = "com.apple.product-type.bundle.unit-test";
		};
/* End PBXNativeTarget section */

/* Begin PBXProject section */
		5B7B80941B32993C00E2627A /* Project object */ = {
			isa = PBXProject;
			attributes = {
				LastUpgradeCheck = 0630;
				ORGANIZATIONNAME = YvanCui;
				TargetAttributes = {
					5B7B809B1B32993C00E2627A = {
						CreatedOnToolsVersion = 6.3.1;
					};
					5B7B80B41B32993D00E2627A = {
						CreatedOnToolsVersion = 6.3.1;
						TestTargetID = 5B7B809B1B32993C00E2627A;
					};
				};
			};
			buildConfigurationList = 5B7B80971B32993C00E2627A /* Build configuration list for PBXProject "YvanDatePicker" */;
			compatibilityVersion = "Xcode 3.2";
			developmentRegion = English;
			hasScannedForEncodings = 0;
			knownRegions = (
				en,
				Base,
			);
			mainGroup = 5B7B80931B32993C00E2627A;
			productRefGroup = 5B7B809D1B32993C00E2627A /* Products */;
			projectDirPath = "";
			projectRoot = "";
			targets = (
				5B7B809B1B32993C00E2627A /* YvanDatePicker */,
				5B7B80B41B32993D00E2627A /* YvanDatePickerTests */,
			);
		};
/* End PBXProject section */

/* Begin PBXResourcesBuildPhase section */
		5B7B809A1B32993C00E2627A /* Resources */ = {
			isa = PBXResourcesBuildPhase;
			buildActionMask = 2147483647;
			files = (
				5B7B80AB1B32993C00E2627A /* Main.storyboard in Resources */,
				5B7B80B01B32993C00E2627A /* LaunchScreen.xib in Resources */,
				5B7B80AD1B32993C00E2627A /* Images.xcassets in Resources */,
			);
			runOnlyForDeploymentPostprocessing = 0;
		};
		5B7B80B31B32993D00E2627A /* Resources */ = {
			isa = PBXResourcesBuildPhase;
			buildActionMask = 2147483647;
			files = (
			);
			runOnlyForDeploymentPostprocessing = 0;
		};
/* End PBXResourcesBuildPhase section */

/* Begin PBXSourcesBuildPhase section */
		5B7B80981B32993C00E2627A /* Sources */ = {
			isa = PBXSourcesBuildPhase;
			buildActionMask = 2147483647;
			files = (
				5B7B80A81B32993C00E2627A /* ViewController.m in Sources */,
				5B7B80A51B32993C00E2627A /* AppDelegate.m in Sources */,
				5B7B80A21B32993C00E2627A /* main.m in Sources */,
			);
			runOnlyForDeploymentPostprocessing = 0;
		};
		5B7B80B11B32993D00E2627A /* Sources */ = {
			isa = PBXSourcesBuildPhase;
			buildActionMask = 2147483647;
			files = (
				5B7B80BC1B32993D00E2627A /* YvanDatePickerTests.m in Sources */,
			);
			runOnlyForDeploymentPostprocessing = 0;
		};
/* End PBXSourcesBuildPhase section */

/* Begin PBXTargetDependency section */
		5B7B80B71B32993D00E2627A /* PBXTargetDependency */ = {
			isa = PBXTargetDependency;
			target = 5B7B809B1B32993C00E2627A /* YvanDatePicker */;
			targetProxy = 5B7B80B61B32993D00E2627A /* PBXContainerItemProxy */;
		};
/* End PBXTargetDependency section */

/* Begin PBXVariantGroup section */
		5B7B80A91B32993C00E2627A /* Main.storyboard */ = {
			isa = PBXVariantGroup;
			children = (
				5B7B80AA1B32993C00E2627A /* Base */,
			);
			name = Main.storyboard;
			sourceTree = "<group>";
		};
		5B7B80AE1B32993C00E2627A /* LaunchScreen.xib */ = {
			isa = PBXVariantGroup;
			children = (
				5B7B80AF1B32993C00E2627A /* Base */,
			);
			name = LaunchScreen.xib;
			sourceTree = "<group>";
		};
/* End PBXVariantGroup section */

/* Begin XCBuildConfiguration section */
		5B7B80BD1B32993D00E2627A /* Debug */ = {
			isa = XCBuildConfiguration;
			buildSettings = {
				ALWAYS_SEARCH_USER_PATHS = NO;
				CLANG_CXX_LANGUAGE_STANDARD = "gnu++0x";
				CLANG_CXX_LIBRARY = "libc++";
				CLANG_ENABLE_MODULES = YES;
				CLANG_ENABLE_OBJC_ARC = YES;
				CLANG_WARN_BOOL_CONVERSION = YES;
				CLANG_WARN_CONSTANT_CONVERSION = YES;
				CLANG_WARN_DIRECT_OBJC_ISA_USAGE = YES_ERROR;
				CLANG_WARN_EMPTY_BODY = YES;
				CLANG_WARN_ENUM_CONVERSION = YES;
				CLANG_WARN_INT_CONVERSION = YES;
				CLANG_WARN_OBJC_ROOT_CLASS = YES_ERROR;
				CLANG_WARN_UNREACHABLE_CODE = YES;
				CLANG_WARN__DUPLICATE_METHOD_MATCH = YES;
				"CODE_SIGN_IDENTITY[sdk=iphoneos*]" = "iPhone Developer";
				COPY_PHASE_STRIP = NO;
				DEBUG_INFORMATION_FORMAT = "dwarf-with-dsym";
				ENABLE_STRICT_OBJC_MSGSEND = YES;
				GCC_C_LANGUAGE_STANDARD = gnu99;
				GCC_DYNAMIC_NO_PIC = NO;
				GCC_NO_COMMON_BLOCKS = YES;
				GCC_OPTIMIZATION_LEVEL = 0;
				GCC_PREPROCESSOR_DEFINITIONS = (
					"DEBUG=1",
					"$(inherited)",
				);
				GCC_SYMBOLS_PRIVATE_EXTERN = NO;
				GCC_WARN_64_TO_32_BIT_CONVERSION = YES;
				GCC_WARN_ABOUT_RETURN_TYPE = YES_ERROR;
				GCC_WARN_UNDECLARED_SELECTOR = YES;
				GCC_WARN_UNINITIALIZED_AUTOS = YES_AGGRESSIVE;
				GCC_WARN_UNUSED_FUNCTION = YES;
				GCC_WARN_UNUSED_VARIABLE = YES;
				IPHONEOS_DEPLOYMENT_TARGET = 8.3;
				MTL_ENABLE_DEBUG_INFO = YES;
				ONLY_ACTIVE_ARCH = YES;
				SDKROOT = iphoneos;
			};
			name = Debug;
		};
		5B7B80BE1B32993D00E2627A /* Release */ = {
			isa = XCBuildConfiguration;
			buildSettings = {
				ALWAYS_SEARCH_USER_PATHS = NO;
				CLANG_CXX_LANGUAGE_STANDARD = "gnu++0x";
				CLANG_CXX_LIBRARY = "libc++";
				CLANG_ENABLE_MODULES = YES;
				CLANG_ENABLE_OBJC_ARC = YES;
				CLANG_WARN_BOOL_CONVERSION = YES;
				CLANG_WARN_CONSTANT_CONVERSION = YES;
				CLANG_WARN_DIRECT_OBJC_ISA_USAGE = YES_ERROR;
				CLANG_WARN_EMPTY_BODY = YES;
				CLANG_WARN_ENUM_CONVERSION = YES;
				CLANG_WARN_INT_CONVERSION = YES;
				CLANG_WARN_OBJC_ROOT_CLASS = YES_ERROR;
				CLANG_WARN_UNREACHABLE_CODE = YES;
				CLANG_WARN__DUPLICATE_METHOD_MATCH = YES;
				"CODE_SIGN_IDENTITY[sdk=iphoneos*]" = "iPhone Developer";
				COPY_PHASE_STRIP = NO;
				DEBUG_INFORMATION_FORMAT = "dwarf-with-dsym";
				ENABLE_NS_ASSERTIONS = NO;
				ENABLE_STRICT_OBJC_MSGSEND = YES;
				GCC_C_LANGUAGE_STANDARD = gnu99;
				GCC_NO_COMMON_BLOCKS = YES;
				GCC_WARN_64_TO_32_BIT_CONVERSION = YES;
				GCC_WARN_ABOUT_RETURN_TYPE = YES_ERROR;
				GCC_WARN_UNDECLARED_SELECTOR = YES;
				GCC_WARN_UNINITIALIZED_AUTOS = YES_AGGRESSIVE;
				GCC_WARN_UNUSED_FUNCTION = YES;
				GCC_WARN_UNUSED_VARIABLE = YES;
				IPHONEOS_DEPLOYMENT_TARGET = 8.3;
				MTL_ENABLE_DEBUG_INFO = NO;
				SDKROOT = iphoneos;
				VALIDATE_PRODUCT = YES;
			};
			name = Release;
		};
		5B7B80C01B32993D00E2627A /* Debug */ = {
			isa = XCBuildConfiguration;
			buildSettings = {
				ASSETCATALOG_COMPILER_APPICON_NAME = AppIcon;
				INFOPLIST_FILE = YvanDatePicker/Info.plist;
				LD_RUNPATH_SEARCH_PATHS = "$(inherited) @executable_path/Frameworks";
				PRODUCT_NAME = "$(TARGET_NAME)";
			};
			name = Debug;
		};
		5B7B80C11B32993D00E2627A /* Release */ = {
			isa = XCBuildConfiguration;
			buildSettings = {
				ASSETCATALOG_COMPILER_APPICON_NAME = AppIcon;
				INFOPLIST_FILE = YvanDatePicker/Info.plist;
				LD_RUNPATH_SEARCH_PATHS = "$(inherited) @executable_path/Frameworks";
				PRODUCT_NAME = "$(TARGET_NAME)";
			};
			name = Release;
		};
		5B7B80C31B32993D00E2627A /* Debug */ = {
			isa = XCBuildConfiguration;
			buildSettings = {
				BUNDLE_LOADER = "$(TEST_HOST)";
				FRAMEWORK_SEARCH_PATHS = (
					"$(SDKROOT)/Developer/Library/Frameworks",
					"$(inherited)",
				);
				GCC_PREPROCESSOR_DEFINITIONS = (
					"DEBUG=1",
					"$(inherited)",
				);
				INFOPLIST_FILE = YvanDatePickerTests/Info.plist;
				LD_RUNPATH_SEARCH_PATHS = "$(inherited) @executable_path/Frameworks @loader_path/Frameworks";
				PRODUCT_NAME = "$(TARGET_NAME)";
				TEST_HOST = "$(BUILT_PRODUCTS_DIR)/YvanDatePicker.app/YvanDatePicker";
			};
			name = Debug;
		};
		5B7B80C41B32993D00E2627A /* Release */ = {
			isa = XCBuildConfiguration;
			buildSettings = {
				BUNDLE_LOADER = "$(TEST_HOST)";
				FRAMEWORK_SEARCH_PATHS = (
					"$(SDKROOT)/Developer/Library/Frameworks",
					"$(inherited)",
				);
				INFOPLIST_FILE = YvanDatePickerTests/Info.plist;
				LD_RUNPATH_SEARCH_PATHS = "$(inherited) @executable_path/Frameworks @loader_path/Frameworks";
				PRODUCT_NAME = "$(TARGET_NAME)";
				TEST_HOST = "$(BUILT_PRODUCTS_DIR)/YvanDatePicker.app/YvanDatePicker";
			};
			name = Release;
		};
/* End XCBuildConfiguration section */

/* Begin XCConfigurationList section */
		5B7B80971B32993C00E2627A /* Build configuration list for PBXProject "YvanDatePicker" */ = {
			isa = XCConfigurationList;
			buildConfigurations = (
				5B7B80BD1B32993D00E2627A /* Debug */,
				5B7B80BE1B32993D00E2627A /* Release */,
			);
			defaultConfigurationIsVisible = 0;
			defaultConfigurationName = Release;
		};
		5B7B80BF1B32993D00E2627A /* Build configuration list for PBXNativeTarget "YvanDatePicker" */ = {
			isa = XCConfigurationList;
			buildConfigurations = (
				5B7B80C01B32993D00E2627A /* Debug */,
				5B7B80C11B32993D00E2627A /* Release */,
			);
			defaultConfigurationIsVisible = 0;
		};
		5B7B80C21B32993D00E2627A /* Build configuration list for PBXNativeTarget "YvanDatePickerTests" */ = {
			isa = XCConfigurationList;
			buildConfigurations = (
				5B7B80C31B32993D00E2627A /* Debug */,
				5B7B80C41B32993D00E2627A /* Release */,
			);
			defaultConfigurationIsVisible = 0;
		};
/* End XCConfigurationList section */
	};
	rootObject = 5B7B80941B32993C00E2627A /* Project object */;
}
